
Microsoft Visual Studio Solution File, Format Version 12.00
# Visual Studio Version 17
VisualStudioVersion = 17.5.33502.453
MinimumVisualStudioVersion = 10.0.40219.1
Project("{FAE04EC0-301F-11D3-BF4B-00C04F79EFBC}") = "MyConsoleFoTestGit", "MyConsoleFoTestGit.csproj", "{7DD83543-FBBD-4ED6-B1C6-F192C2ECA508}"
EndProject
Global
	GlobalSection(SolutionConfigurationPlatforms) = preSolution
		Debug|Any CPU = Debug|Any CPU
		Release|Any CPU = Release|Any CPU
	EndGlobalSection
	GlobalSection(ProjectConfigurationPlatforms) = postSolution
		{7DD83543-FBBD-4ED6-B1C6-F192C2ECA508}.Debug|Any CPU.ActiveCfg = Debug|Any CPU
		{7DD83543-FBBD-4ED6-B1C6-F192C2ECA508}.Debug|Any CPU.Build.0 = Debug|Any CPU
		{7DD83543-FBBD-4ED6-B1C6-F192C2ECA508}.Release|Any CPU.ActiveCfg = Release|Any CPU
		{7DD83543-FBBD-4ED6-B1C6-F192C2ECA508}.Release|Any CPU.Build.0 = Release|Any CPU
	EndGlobalSection
	GlobalSection(SolutionProperties) = preSolution
		HideSolutionNode = FALSE
	EndGlobalSection
	GlobalSection(ExtensibilityGlobals) = postSolution
		SolutionGuid = {F5D21F97-6784-4372-BBC7-CDBC34D35510}
	EndGlobalSection
EndGlobal
